// !$*UTF8*$!
{
	archiveVersion = 1;
	classes = {
	};
	objectVersion = 56;
	objects = {

/* Begin PBXBuildFile section */
		BC8A88752CBBC63900DD8FC1 /* GrowApp.swift in Sources */ = {isa = PBXBuildFile; fileRef = BC8A88742CBBC63900DD8FC1 /* GrowApp.swift */; };
		BC8A88772CBBC63900DD8FC1 /* ContentView.swift in Sources */ = {isa = PBXBuildFile; fileRef = BC8A88762CBBC63900DD8FC1 /* ContentView.swift */; };
		BC8A88792CBBC63B00DD8FC1 /* Assets.xcassets in Resources */ = {isa = PBXBuildFile; fileRef = BC8A88782CBBC63B00DD8FC1 /* Assets.xcassets */; };
		BC8A887C2CBBC63B00DD8FC1 /* Preview Assets.xcassets in Resources */ = {isa = PBXBuildFile; fileRef = BC8A887B2CBBC63B00DD8FC1 /* Preview Assets.xcassets */; };
		BC8A887E2CBBC63B00DD8FC1 /* Persistence.swift in Sources */ = {isa = PBXBuildFile; fileRef = BC8A887D2CBBC63B00DD8FC1 /* Persistence.swift */; };
		BC8A88812CBBC63B00DD8FC1 /* Grow.xcdatamodeld in Sources */ = {isa = PBXBuildFile; fileRef = BC8A887F2CBBC63B00DD8FC1 /* Grow.xcdatamodeld */; };
		BC8A888B2CBBC63B00DD8FC1 /* GrowTests.swift in Sources */ = {isa = PBXBuildFile; fileRef = BC8A888A2CBBC63B00DD8FC1 /* GrowTests.swift */; };
		BC8A88952CBBC63C00DD8FC1 /* GrowUITests.swift in Sources */ = {isa = PBXBuildFile; fileRef = BC8A88942CBBC63C00DD8FC1 /* GrowUITests.swift */; };
		BC8A88972CBBC63C00DD8FC1 /* GrowUITestsLaunchTests.swift in Sources */ = {isa = PBXBuildFile; fileRef = BC8A88962CBBC63C00DD8FC1 /* GrowUITestsLaunchTests.swift */; };
/* End PBXBuildFile section */

/* Begin PBXContainerItemProxy section */
		BC8A88872CBBC63B00DD8FC1 /* PBXContainerItemProxy */ = {
			isa = PBXContainerItemProxy;
			containerPortal = BC8A88692CBBC63900DD8FC1 /* Project object */;
			proxyType = 1;
			remoteGlobalIDString = BC8A88702CBBC63900DD8FC1;
			remoteInfo = Grow;
		};
		BC8A88912CBBC63C00DD8FC1 /* PBXContainerItemProxy */ = {
			isa = PBXContainerItemProxy;
			containerPortal = BC8A88692CBBC63900DD8FC1 /* Project object */;
			proxyType = 1;
			remoteGlobalIDString = BC8A88702CBBC63900DD8FC1;
			remoteInfo = Grow;
		};
/* End PBXContainerItemProxy section */

/* Begin PBXFileReference section */
		BC8A88712CBBC63900DD8FC1 /* Grow.app */ = {isa = PBXFileReference; explicitFileType = wrapper.application; includeInIndex = 0; path = Grow.app; sourceTree = BUILT_PRODUCTS_DIR; };
		BC8A88742CBBC63900DD8FC1 /* GrowApp.swift */ = {isa = PBXFileReference; lastKnownFileType = sourcecode.swift; path = GrowApp.swift; sourceTree = "<group>"; };
		BC8A88762CBBC63900DD8FC1 /* ContentView.swift */ = {isa = PBXFileReference; lastKnownFileType = sourcecode.swift; path = ContentView.swift; sourceTree = "<group>"; };
		BC8A88782CBBC63B00DD8FC1 /* Assets.xcassets */ = {isa = PBXFileReference; lastKnownFileType = folder.assetcatalog; path = Assets.xcassets; sourceTree = "<group>"; };
		BC8A887B2CBBC63B00DD8FC1 /* Preview Assets.xcassets */ = {isa = PBXFileReference; lastKnownFileType = folder.assetcatalog; path = "Preview Assets.xcassets"; sourceTree = "<group>"; };
		BC8A887D2CBBC63B00DD8FC1 /* Persistence.swift */ = {isa = PBXFileReference; lastKnownFileType = sourcecode.swift; path = Persistence.swift; sourceTree = "<group>"; };
		BC8A88802CBBC63B00DD8FC1 /* Grow.xcdatamodel */ = {isa = PBXFileReference; lastKnownFileType = wrapper.xcdatamodel; path = Grow.xcdatamodel; sourceTree = "<group>"; };
		BC8A88862CBBC63B00DD8FC1 /* GrowTests.xctest */ = {isa = PBXFileReference; explicitFileType = wrapper.cfbundle; includeInIndex = 0; path = GrowTests.xctest; sourceTree = BUILT_PRODUCTS_DIR; };
		BC8A888A2CBBC63B00DD8FC1 /* GrowTests.swift */ = {isa = PBXFileReference; lastKnownFileType = sourcecode.swift; path = GrowTests.swift; sourceTree = "<group>"; };
		BC8A88902CBBC63C00DD8FC1 /* GrowUITests.xctest */ = {isa = PBXFileReference; explicitFileType = wrapper.cfbundle; includeInIndex = 0; path = GrowUITests.xctest; sourceTree = BUILT_PRODUCTS_DIR; };
		BC8A88942CBBC63C00DD8FC1 /* GrowUITests.swift */ = {isa = PBXFileReference; lastKnownFileType = sourcecode.swift; path = GrowUITests.swift; sourceTree = "<group>"; };
		BC8A88962CBBC63C00DD8FC1 /* GrowUITestsLaunchTests.swift */ = {isa = PBXFileReference; lastKnownFileType = sourcecode.swift; path = GrowUITestsLaunchTests.swift; sourceTree = "<group>"; };
/* End PBXFileReference section */

/* Begin PBXFrameworksBuildPhase section */
		BC8A886E2CBBC63900DD8FC1 /* Frameworks */ = {
			isa = PBXFrameworksBuildPhase;
			buildActionMask = 2147483647;
			files = (
			);
			runOnlyForDeploymentPostprocessing = 0;
		};
		BC8A88832CBBC63B00DD8FC1 /* Frameworks */ = {
			isa = PBXFrameworksBuildPhase;
			buildActionMask = 2147483647;
			files = (
			);
			runOnlyForDeploymentPostprocessing = 0;
		};
		BC8A888D2CBBC63C00DD8FC1 /* Frameworks */ = {
			isa = PBXFrameworksBuildPhase;
			buildActionMask = 2147483647;
			files = (
			);
			runOnlyForDeploymentPostprocessing = 0;
		};
/* End PBXFrameworksBuildPhase section */

/* Begin PBXGroup section */
		BC8A88682CBBC63900DD8FC1 = {
			isa = PBXGroup;
			children = (
				BC8A88732CBBC63900DD8FC1 /* Grow */,
				BC8A88892CBBC63B00DD8FC1 /* GrowTests */,
				BC8A88932CBBC63C00DD8FC1 /* GrowUITests */,
				BC8A88722CBBC63900DD8FC1 /* Products */,
			);
			sourceTree = "<group>";
		};
		BC8A88722CBBC63900DD8FC1 /* Products */ = {
			isa = PBXGroup;
			children = (
				BC8A88712CBBC63900DD8FC1 /* Grow.app */,
				BC8A88862CBBC63B00DD8FC1 /* GrowTests.xctest */,
				BC8A88902CBBC63C00DD8FC1 /* GrowUITests.xctest */,
			);
			name = Products;
			sourceTree = "<group>";
		};
		BC8A88732CBBC63900DD8FC1 /* Grow */ = {
			isa = PBXGroup;
			children = (
				BC8A88742CBBC63900DD8FC1 /* GrowApp.swift */,
				BC8A88762CBBC63900DD8FC1 /* ContentView.swift */,
				BC8A88782CBBC63B00DD8FC1 /* Assets.xcassets */,
				BC8A887D2CBBC63B00DD8FC1 /* Persistence.swift */,
				BC8A887F2CBBC63B00DD8FC1 /* Grow.xcdatamodeld */,
				BC8A887A2CBBC63B00DD8FC1 /* Preview Content */,
			);
			path = Grow;
			sourceTree = "<group>";
		};
		BC8A887A2CBBC63B00DD8FC1 /* Preview Content */ = {
			isa = PBXGroup;
			children = (
				BC8A887B2CBBC63B00DD8FC1 /* Preview Assets.xcassets */,
			);
			path = "Preview Content";
			sourceTree = "<group>";
		};
		BC8A88892CBBC63B00DD8FC1 /* GrowTests */ = {
			isa = PBXGroup;
			children = (
				BC8A888A2CBBC63B00DD8FC1 /* GrowTests.swift */,
			);
			path = GrowTests;
			sourceTree = "<group>";
		};
		BC8A88932CBBC63C00DD8FC1 /* GrowUITests */ = {
			isa = PBXGroup;
			children = (
				BC8A88942CBBC63C00DD8FC1 /* GrowUITests.swift */,
				BC8A88962CBBC63C00DD8FC1 /* GrowUITestsLaunchTests.swift */,
			);
			path = GrowUITests;
			sourceTree = "<group>";
		};
/* End PBXGroup section */

/* Begin PBXNativeTarget section */
		BC8A88702CBBC63900DD8FC1 /* Grow */ = {
			isa = PBXNativeTarget;
			buildConfigurationList = BC8A889A2CBBC63C00DD8FC1 /* Build configuration list for PBXNativeTarget "Grow" */;
			buildPhases = (
				BC8A886D2CBBC63900DD8FC1 /* Sources */,
				BC8A886E2CBBC63900DD8FC1 /* Frameworks */,
				BC8A886F2CBBC63900DD8FC1 /* Resources */,
			);
			buildRules = (
			);
			dependencies = (
			);
			name = Grow;
			productName = Grow;
			productReference = BC8A88712CBBC63900DD8FC1 /* Grow.app */;
			productType = "com.apple.product-type.application";
		};
		BC8A88852CBBC63B00DD8FC1 /* GrowTests */ = {
			isa = PBXNativeTarget;
			buildConfigurationList = BC8A889D2CBBC63C00DD8FC1 /* Build configuration list for PBXNativeTarget "GrowTests" */;
			buildPhases = (
				BC8A88822CBBC63B00DD8FC1 /* Sources */,
				BC8A88832CBBC63B00DD8FC1 /* Frameworks */,
				BC8A88842CBBC63B00DD8FC1 /* Resources */,
			);
			buildRules = (
			);
			dependencies = (
				BC8A88882CBBC63B00DD8FC1 /* PBXTargetDependency */,
			);
			name = GrowTests;
			productName = GrowTests;
			productReference = BC8A88862CBBC63B00DD8FC1 /* GrowTests.xctest */;
			productType = "com.apple.product-type.bundle.unit-test";
		};
		BC8A888F2CBBC63C00DD8FC1 /* GrowUITests */ = {
			isa = PBXNativeTarget;
			buildConfigurationList = BC8A88A02CBBC63C00DD8FC1 /* Build configuration list for PBXNativeTarget "GrowUITests" */;
			buildPhases = (
				BC8A888C2CBBC63C00DD8FC1 /* Sources */,
				BC8A888D2CBBC63C00DD8FC1 /* Frameworks */,
				BC8A888E2CBBC63C00DD8FC1 /* Resources */,
			);
			buildRules = (
			);
			dependencies = (
				BC8A88922CBBC63C00DD8FC1 /* PBXTargetDependency */,
			);
			name = GrowUITests;
			productName = GrowUITests;
			productReference = BC8A88902CBBC63C00DD8FC1 /* GrowUITests.xctest */;
			productType = "com.apple.product-type.bundle.ui-testing";
		};
/* End PBXNativeTarget section */

/* Begin PBXProject section */
		BC8A88692CBBC63900DD8FC1 /* Project object */ = {
			isa = PBXProject;
			attributes = {
				BuildIndependentTargetsInParallel = 1;
				LastSwiftUpdateCheck = 1530;
				LastUpgradeCheck = 1530;
				TargetAttributes = {
					BC8A88702CBBC63900DD8FC1 = {
						CreatedOnToolsVersion = 15.3;
					};
					BC8A88852CBBC63B00DD8FC1 = {
						CreatedOnToolsVersion = 15.3;
						TestTargetID = BC8A88702CBBC63900DD8FC1;
					};
					BC8A888F2CBBC63C00DD8FC1 = {
						CreatedOnToolsVersion = 15.3;
						TestTargetID = BC8A88702CBBC63900DD8FC1;
					};
				};
			};
			buildConfigurationList = BC8A886C2CBBC63900DD8FC1 /* Build configuration list for PBXProject "Grow" */;
			compatibilityVersion = "Xcode 14.0";
			developmentRegion = en;
			hasScannedForEncodings = 0;
			knownRegions = (
				en,
				Base,
			);
			mainGroup = BC8A88682CBBC63900DD8FC1;
			productRefGroup = BC8A88722CBBC63900DD8FC1 /* Products */;
			projectDirPath = "";
			projectRoot = "";
			targets = (
				BC8A88702CBBC63900DD8FC1 /* Grow */,
				BC8A88852CBBC63B00DD8FC1 /* GrowTests */,
				BC8A888F2CBBC63C00DD8FC1 /* GrowUITests */,
			);
		};
/* End PBXProject section */

/* Begin PBXResourcesBuildPhase section */
		BC8A886F2CBBC63900DD8FC1 /* Resources */ = {
			isa = PBXResourcesBuildPhase;
			buildActionMask = 2147483647;
			files = (
				BC8A887C2CBBC63B00DD8FC1 /* Preview Assets.xcassets in Resources */,
				BC8A88792CBBC63B00DD8FC1 /* Assets.xcassets in Resources */,
			);
			runOnlyForDeploymentPostprocessing = 0;
		};
		BC8A88842CBBC63B00DD8FC1 /* Resources */ = {
			isa = PBXResourcesBuildPhase;
			buildActionMask = 2147483647;
			files = (
			);
			runOnlyForDeploymentPostprocessing = 0;
		};
		BC8A888E2CBBC63C00DD8FC1 /* Resources */ = {
			isa = PBXResourcesBuildPhase;
			buildActionMask = 2147483647;
			files = (
			);
			runOnlyForDeploymentPostprocessing = 0;
		};
/* End PBXResourcesBuildPhase section */

/* Begin PBXSourcesBuildPhase section */
		BC8A886D2CBBC63900DD8FC1 /* Sources */ = {
			isa = PBXSourcesBuildPhase;
			buildActionMask = 2147483647;
			files = (
				BC8A88812CBBC63B00DD8FC1 /* Grow.xcdatamodeld in Sources */,
				BC8A887E2CBBC63B00DD8FC1 /* Persistence.swift in Sources */,
				BC8A88772CBBC63900DD8FC1 /* ContentView.swift in Sources */,
				BC8A88752CBBC63900DD8FC1 /* GrowApp.swift in Sources */,
			);
			runOnlyForDeploymentPostprocessing = 0;
		};
		BC8A88822CBBC63B00DD8FC1 /* Sources */ = {
			isa = PBXSourcesBuildPhase;
			buildActionMask = 2147483647;
			files = (
				BC8A888B2CBBC63B00DD8FC1 /* GrowTests.swift in Sources */,
			);
			runOnlyForDeploymentPostprocessing = 0;
		};
		BC8A888C2CBBC63C00DD8FC1 /* Sources */ = {
			isa = PBXSourcesBuildPhase;
			buildActionMask = 2147483647;
			files = (
				BC8A88952CBBC63C00DD8FC1 /* GrowUITests.swift in Sources */,
				BC8A88972CBBC63C00DD8FC1 /* GrowUITestsLaunchTests.swift in Sources */,
			);
			runOnlyForDeploymentPostprocessing = 0;
		};
/* End PBXSourcesBuildPhase section */

/* Begin PBXTargetDependency section */
		BC8A88882CBBC63B00DD8FC1 /* PBXTargetDependency */ = {
			isa = PBXTargetDependency;
			target = BC8A88702CBBC63900DD8FC1 /* Grow */;
			targetProxy = BC8A88872CBBC63B00DD8FC1 /* PBXContainerItemProxy */;
		};
		BC8A88922CBBC63C00DD8FC1 /* PBXTargetDependency */ = {
			isa = PBXTargetDependency;
			target = BC8A88702CBBC63900DD8FC1 /* Grow */;
			targetProxy = BC8A88912CBBC63C00DD8FC1 /* PBXContainerItemProxy */;
		};
/* End PBXTargetDependency section */

/* Begin XCBuildConfiguration section */
		BC8A88982CBBC63C00DD8FC1 /* Debug */ = {
			isa = XCBuildConfiguration;
			buildSettings = {
				ALWAYS_SEARCH_USER_PATHS = NO;
				ASSETCATALOG_COMPILER_GENERATE_SWIFT_ASSET_SYMBOL_EXTENSIONS = YES;
				CLANG_ANALYZER_NONNULL = YES;
				CLANG_ANALYZER_NUMBER_OBJECT_CONVERSION = YES_AGGRESSIVE;
				CLANG_CXX_LANGUAGE_STANDARD = "gnu++20";
				CLANG_ENABLE_MODULES = YES;
				CLANG_ENABLE_OBJC_ARC = YES;
				CLANG_ENABLE_OBJC_WEAK = YES;
				CLANG_WARN_BLOCK_CAPTURE_AUTORELEASING = YES;
				CLANG_WARN_BOOL_CONVERSION = YES;
				CLANG_WARN_COMMA = YES;
				CLANG_WARN_CONSTANT_CONVERSION = YES;
				CLANG_WARN_DEPRECATED_OBJC_IMPLEMENTATIONS = YES;
				CLANG_WARN_DIRECT_OBJC_ISA_USAGE = YES_ERROR;
				CLANG_WARN_DOCUMENTATION_COMMENTS = YES;
				CLANG_WARN_EMPTY_BODY = YES;
				CLANG_WARN_ENUM_CONVERSION = YES;
				CLANG_WARN_INFINITE_RECURSION = YES;
				CLANG_WARN_INT_CONVERSION = YES;
				CLANG_WARN_NON_LITERAL_NULL_CONVERSION = YES;
				CLANG_WARN_OBJC_IMPLICIT_RETAIN_SELF = YES;
				CLANG_WARN_OBJC_LITERAL_CONVERSION = YES;
				CLANG_WARN_OBJC_ROOT_CLASS = YES_ERROR;
				CLANG_WARN_QUOTED_INCLUDE_IN_FRAMEWORK_HEADER = YES;
				CLANG_WARN_RANGE_LOOP_ANALYSIS = YES;
				CLANG_WARN_STRICT_PROTOTYPES = YES;
				CLANG_WARN_SUSPICIOUS_MOVE = YES;
				CLANG_WARN_UNGUARDED_AVAILABILITY = YES_AGGRESSIVE;
				CLANG_WARN_UNREACHABLE_CODE = YES;
				CLANG_WARN__DUPLICATE_METHOD_MATCH = YES;
				COPY_PHASE_STRIP = NO;
				DEBUG_INFORMATION_FORMAT = dwarf;
				ENABLE_STRICT_OBJC_MSGSEND = YES;
				ENABLE_TESTABILITY = YES;
				ENABLE_USER_SCRIPT_SANDBOXING = YES;
				GCC_C_LANGUAGE_STANDARD = gnu17;
				GCC_DYNAMIC_NO_PIC = NO;
				GCC_NO_COMMON_BLOCKS = YES;
				GCC_OPTIMIZATION_LEVEL = 0;
				GCC_PREPROCESSOR_DEFINITIONS = (
					"DEBUG=1",
					"$(inherited)",
				);
				GCC_WARN_64_TO_32_BIT_CONVERSION = YES;
				GCC_WARN_ABOUT_RETURN_TYPE = YES_ERROR;
				GCC_WARN_UNDECLARED_SELECTOR = YES;
				GCC_WARN_UNINITIALIZED_AUTOS = YES_AGGRESSIVE;
				GCC_WARN_UNUSED_FUNCTION = YES;
				GCC_WARN_UNUSED_VARIABLE = YES;
				IPHONEOS_DEPLOYMENT_TARGET = 17.4;
				LOCALIZATION_PREFERS_STRING_CATALOGS = YES;
				MTL_ENABLE_DEBUG_INFO = INCLUDE_SOURCE;
				MTL_FAST_MATH = YES;
				ONLY_ACTIVE_ARCH = YES;
				SDKROOT = iphoneos;
				SWIFT_ACTIVE_COMPILATION_CONDITIONS = "DEBUG $(inherited)";
				SWIFT_OPTIMIZATION_LEVEL = "-Onone";
			};
			name = Debug;
		};
		BC8A88992CBBC63C00DD8FC1 /* Release */ = {
			isa = XCBuildConfiguration;
			buildSettings = {
				ALWAYS_SEARCH_USER_PATHS = NO;
				ASSETCATALOG_COMPILER_GENERATE_SWIFT_ASSET_SYMBOL_EXTENSIONS = YES;
				CLANG_ANALYZER_NONNULL = YES;
				CLANG_ANALYZER_NUMBER_OBJECT_CONVERSION = YES_AGGRESSIVE;
				CLANG_CXX_LANGUAGE_STANDARD = "gnu++20";
				CLANG_ENABLE_MODULES = YES;
				CLANG_ENABLE_OBJC_ARC = YES;
				CLANG_ENABLE_OBJC_WEAK = YES;
				CLANG_WARN_BLOCK_CAPTURE_AUTORELEASING = YES;
				CLANG_WARN_BOOL_CONVERSION = YES;
				CLANG_WARN_COMMA = YES;
				CLANG_WARN_CONSTANT_CONVERSION = YES;
				CLANG_WARN_DEPRECATED_OBJC_IMPLEMENTATIONS = YES;
				CLANG_WARN_DIRECT_OBJC_ISA_USAGE = YES_ERROR;
				CLANG_WARN_DOCUMENTATION_COMMENTS = YES;
				CLANG_WARN_EMPTY_BODY = YES;
				CLANG_WARN_ENUM_CONVERSION = YES;
				CLANG_WARN_INFINITE_RECURSION = YES;
				CLANG_WARN_INT_CONVERSION = YES;
				CLANG_WARN_NON_LITERAL_NULL_CONVERSION = YES;
				CLANG_WARN_OBJC_IMPLICIT_RETAIN_SELF = YES;
				CLANG_WARN_OBJC_LITERAL_CONVERSION = YES;
				CLANG_WARN_OBJC_ROOT_CLASS = YES_ERROR;
				CLANG_WARN_QUOTED_INCLUDE_IN_FRAMEWORK_HEADER = YES;
				CLANG_WARN_RANGE_LOOP_ANALYSIS = YES;
				CLANG_WARN_STRICT_PROTOTYPES = YES;
				CLANG_WARN_SUSPICIOUS_MOVE = YES;
				CLANG_WARN_UNGUARDED_AVAILABILITY = YES_AGGRESSIVE;
				CLANG_WARN_UNREACHABLE_CODE = YES;
				CLANG_WARN__DUPLICATE_METHOD_MATCH = YES;
				COPY_PHASE_STRIP = NO;
				DEBUG_INFORMATION_FORMAT = "dwarf-with-dsym";
				ENABLE_NS_ASSERTIONS = NO;
				ENABLE_STRICT_OBJC_MSGSEND = YES;
				ENABLE_USER_SCRIPT_SANDBOXING = YES;
				GCC_C_LANGUAGE_STANDARD = gnu17;
				GCC_NO_COMMON_BLOCKS = YES;
				GCC_WARN_64_TO_32_BIT_CONVERSION = YES;
				GCC_WARN_ABOUT_RETURN_TYPE = YES_ERROR;
				GCC_WARN_UNDECLARED_SELECTOR = YES;
				GCC_WARN_UNINITIALIZED_AUTOS = YES_AGGRESSIVE;
				GCC_WARN_UNUSED_FUNCTION = YES;
				GCC_WARN_UNUSED_VARIABLE = YES;
				IPHONEOS_DEPLOYMENT_TARGET = 17.4;
				LOCALIZATION_PREFERS_STRING_CATALOGS = YES;
				MTL_ENABLE_DEBUG_INFO = NO;
				MTL_FAST_MATH = YES;
				SDKROOT = iphoneos;
				SWIFT_COMPILATION_MODE = wholemodule;
				VALIDATE_PRODUCT = YES;
			};
			name = Release;
		};
		BC8A889B2CBBC63C00DD8FC1 /* Debug */ = {
			isa = XCBuildConfiguration;
			buildSettings = {
				ASSETCATALOG_COMPILER_APPICON_NAME = AppIcon;
				ASSETCATALOG_COMPILER_GLOBAL_ACCENT_COLOR_NAME = AccentColor;
				CODE_SIGN_STYLE = Automatic;
				CURRENT_PROJECT_VERSION = 1;
				DEVELOPMENT_ASSET_PATHS = "\"Grow/Preview Content\"";
				DEVELOPMENT_TEAM = VV37X996D4;
				ENABLE_PREVIEWS = YES;
				GENERATE_INFOPLIST_FILE = YES;
				INFOPLIST_KEY_UIApplicationSceneManifest_Generation = YES;
				INFOPLIST_KEY_UIApplicationSupportsIndirectInputEvents = YES;
				INFOPLIST_KEY_UILaunchScreen_Generation = YES;
				INFOPLIST_KEY_UISupportedInterfaceOrientations_iPad = "UIInterfaceOrientationPortrait UIInterfaceOrientationPortraitUpsideDown UIInterfaceOrientationLandscapeLeft UIInterfaceOrientationLandscapeRight";
				INFOPLIST_KEY_UISupportedInterfaceOrientations_iPhone = "UIInterfaceOrientationPortrait UIInterfaceOrientationLandscapeLeft UIInterfaceOrientationLandscapeRight";
				LD_RUNPATH_SEARCH_PATHS = (
					"$(inherited)",
					"@executable_path/Frameworks",
				);
				MARKETING_VERSION = 1.0;
				PRODUCT_BUNDLE_IDENTIFIER = com.Appverse.Grow.Grow;
				PRODUCT_NAME = "$(TARGET_NAME)";
				SWIFT_EMIT_LOC_STRINGS = YES;
				SWIFT_VERSION = 5.0;
				TARGETED_DEVICE_FAMILY = "1,2";
			};
			name = Debug;
		};
		BC8A889C2CBBC63C00DD8FC1 /* Release */ = {
			isa = XCBuildConfiguration;
			buildSettings = {
				ASSETCATALOG_COMPILER_APPICON_NAME = AppIcon;
				ASSETCATALOG_COMPILER_GLOBAL_ACCENT_COLOR_NAME = AccentColor;
				CODE_SIGN_STYLE = Automatic;
				CURRENT_PROJECT_VERSION = 1;
				DEVELOPMENT_ASSET_PATHS = "\"Grow/Preview Content\"";
				DEVELOPMENT_TEAM = VV37X996D4;
				ENABLE_PREVIEWS = YES;
				GENERATE_INFOPLIST_FILE = YES;
				INFOPLIST_KEY_UIApplicationSceneManifest_Generation = YES;
				INFOPLIST_KEY_UIApplicationSupportsIndirectInputEvents = YES;
				INFOPLIST_KEY_UILaunchScreen_Generation = YES;
				INFOPLIST_KEY_UISupportedInterfaceOrientations_iPad = "UIInterfaceOrientationPortrait UIInterfaceOrientationPortraitUpsideDown UIInterfaceOrientationLandscapeLeft UIInterfaceOrientationLandscapeRight";
				INFOPLIST_KEY_UISupportedInterfaceOrientations_iPhone = "UIInterfaceOrientationPortrait UIInterfaceOrientationLandscapeLeft UIInterfaceOrientationLandscapeRight";
				LD_RUNPATH_SEARCH_PATHS = (
					"$(inherited)",
					"@executable_path/Frameworks",
				);
				MARKETING_VERSION = 1.0;
				PRODUCT_BUNDLE_IDENTIFIER = com.Appverse.Grow.Grow;
				PRODUCT_NAME = "$(TARGET_NAME)";
				SWIFT_EMIT_LOC_STRINGS = YES;
				SWIFT_VERSION = 5.0;
				TARGETED_DEVICE_FAMILY = "1,2";
			};
			name = Release;
		};
		BC8A889E2CBBC63C00DD8FC1 /* Debug */ = {
			isa = XCBuildConfiguration;
			buildSettings = {
				ALWAYS_EMBED_SWIFT_STANDARD_LIBRARIES = YES;
				BUNDLE_LOADER = "$(TEST_HOST)";
				CODE_SIGN_STYLE = Automatic;
				CURRENT_PROJECT_VERSION = 1;
				DEVELOPMENT_TEAM = VV37X996D4;
				GENERATE_INFOPLIST_FILE = YES;
				IPHONEOS_DEPLOYMENT_TARGET = 17.4;
				MARKETING_VERSION = 1.0;
				PRODUCT_BUNDLE_IDENTIFIER = com.Appverse.Grow.GrowTests;
				PRODUCT_NAME = "$(TARGET_NAME)";
				SWIFT_EMIT_LOC_STRINGS = NO;
				SWIFT_VERSION = 5.0;
				TARGETED_DEVICE_FAMILY = "1,2";
				TEST_HOST = "$(BUILT_PRODUCTS_DIR)/Grow.app/$(BUNDLE_EXECUTABLE_FOLDER_PATH)/Grow";
			};
			name = Debug;
		};
		BC8A889F2CBBC63C00DD8FC1 /* Release */ = {
			isa = XCBuildConfiguration;
			buildSettings = {
				ALWAYS_EMBED_SWIFT_STANDARD_LIBRARIES = YES;
				BUNDLE_LOADER = "$(TEST_HOST)";
				CODE_SIGN_STYLE = Automatic;
				CURRENT_PROJECT_VERSION = 1;
				DEVELOPMENT_TEAM = VV37X996D4;
				GENERATE_INFOPLIST_FILE = YES;
				IPHONEOS_DEPLOYMENT_TARGET = 17.4;
				MARKETING_VERSION = 1.0;
				PRODUCT_BUNDLE_IDENTIFIER = com.Appverse.Grow.GrowTests;
				PRODUCT_NAME = "$(TARGET_NAME)";
				SWIFT_EMIT_LOC_STRINGS = NO;
				SWIFT_VERSION = 5.0;
				TARGETED_DEVICE_FAMILY = "1,2";
				TEST_HOST = "$(BUILT_PRODUCTS_DIR)/Grow.app/$(BUNDLE_EXECUTABLE_FOLDER_PATH)/Grow";
			};
			name = Release;
		};
		BC8A88A12CBBC63C00DD8FC1 /* Debug */ = {
			isa = XCBuildConfiguration;
			buildSettings = {
				ALWAYS_EMBED_SWIFT_STANDARD_LIBRARIES = YES;
				CODE_SIGN_STYLE = Automatic;
				CURRENT_PROJECT_VERSION = 1;
				DEVELOPMENT_TEAM = VV37X996D4;
				GENERATE_INFOPLIST_FILE = YES;
				MARKETING_VERSION = 1.0;
				PRODUCT_BUNDLE_IDENTIFIER = com.Appverse.Grow.GrowUITests;
				PRODUCT_NAME = "$(TARGET_NAME)";
				SWIFT_EMIT_LOC_STRINGS = NO;
				SWIFT_VERSION = 5.0;
				TARGETED_DEVICE_FAMILY = "1,2";
				TEST_TARGET_NAME = Grow;
			};
			name = Debug;
		};
		BC8A88A22CBBC63C00DD8FC1 /* Release */ = {
			isa = XCBuildConfiguration;
			buildSettings = {
				ALWAYS_EMBED_SWIFT_STANDARD_LIBRARIES = YES;
				CODE_SIGN_STYLE = Automatic;
				CURRENT_PROJECT_VERSION = 1;
				DEVELOPMENT_TEAM = VV37X996D4;
				GENERATE_INFOPLIST_FILE = YES;
				MARKETING_VERSION = 1.0;
				PRODUCT_BUNDLE_IDENTIFIER = com.Appverse.Grow.GrowUITests;
				PRODUCT_NAME = "$(TARGET_NAME)";
				SWIFT_EMIT_LOC_STRINGS = NO;
				SWIFT_VERSION = 5.0;
				TARGETED_DEVICE_FAMILY = "1,2";
				TEST_TARGET_NAME = Grow;
			};
			name = Release;
		};
/* End XCBuildConfiguration section */

/* Begin XCConfigurationList section */
		BC8A886C2CBBC63900DD8FC1 /* Build configuration list for PBXProject "Grow" */ = {
			isa = XCConfigurationList;
			buildConfigurations = (
				BC8A88982CBBC63C00DD8FC1 /* Debug */,
				BC8A88992CBBC63C00DD8FC1 /* Release */,
			);
			defaultConfigurationIsVisible = 0;
			defaultConfigurationName = Release;
		};
		BC8A889A2CBBC63C00DD8FC1 /* Build configuration list for PBXNativeTarget "Grow" */ = {
			isa = XCConfigurationList;
			buildConfigurations = (
				BC8A889B2CBBC63C00DD8FC1 /* Debug */,
				BC8A889C2CBBC63C00DD8FC1 /* Release */,
			);
			defaultConfigurationIsVisible = 0;
			defaultConfigurationName = Release;
		};
		BC8A889D2CBBC63C00DD8FC1 /* Build configuration list for PBXNativeTarget "GrowTests" */ = {
			isa = XCConfigurationList;
			buildConfigurations = (
				BC8A889E2CBBC63C00DD8FC1 /* Debug */,
				BC8A889F2CBBC63C00DD8FC1 /* Release */,
			);
			defaultConfigurationIsVisible = 0;
			defaultConfigurationName = Release;
		};
		BC8A88A02CBBC63C00DD8FC1 /* Build configuration list for PBXNativeTarget "GrowUITests" */ = {
			isa = XCConfigurationList;
			buildConfigurations = (
				BC8A88A12CBBC63C00DD8FC1 /* Debug */,
				BC8A88A22CBBC63C00DD8FC1 /* Release */,
			);
			defaultConfigurationIsVisible = 0;
			defaultConfigurationName = Release;
		};
/* End XCConfigurationList section */

/* Begin XCVersionGroup section */
		BC8A887F2CBBC63B00DD8FC1 /* Grow.xcdatamodeld */ = {
			isa = XCVersionGroup;
			children = (
				BC8A88802CBBC63B00DD8FC1 /* Grow.xcdatamodel */,
			);
			currentVersion = BC8A88802CBBC63B00DD8FC1 /* Grow.xcdatamodel */;
			path = Grow.xcdatamodeld;
			sourceTree = "<group>";
			versionGroupType = wrapper.xcdatamodel;
		};
/* End XCVersionGroup section */
	};
	rootObject = BC8A88692CBBC63900DD8FC1 /* Project object */;
}
