// !$*UTF8*$!
{
	archiveVersion = 1;
	classes = {
	};
	objectVersion = 56;
	objects = {

/* Begin PBXBuildFile section */
		BCD467162C3D2C8600501300 /* TheQuizAppApp.swift in Sources */ = {isa = PBXBuildFile; fileRef = BCD467152C3D2C8600501300 /* TheQuizAppApp.swift */; };
		BCD4671A2C3D2C8600501300 /* Item.swift in Sources */ = {isa = PBXBuildFile; fileRef = BCD467192C3D2C8600501300 /* Item.swift */; };
		BCD4671C2C3D2C8700501300 /* Assets.xcassets in Resources */ = {isa = PBXBuildFile; fileRef = BCD4671B2C3D2C8700501300 /* Assets.xcassets */; };
		BCD4671F2C3D2C8700501300 /* Preview Assets.xcassets in Resources */ = {isa = PBXBuildFile; fileRef = BCD4671E2C3D2C8700501300 /* Preview Assets.xcassets */; };
		BCD467292C3D2C8700501300 /* TheQuizAppTests.swift in Sources */ = {isa = PBXBuildFile; fileRef = BCD467282C3D2C8700501300 /* TheQuizAppTests.swift */; };
		BCD467332C3D2C8700501300 /* TheQuizAppUITests.swift in Sources */ = {isa = PBXBuildFile; fileRef = BCD467322C3D2C8700501300 /* TheQuizAppUITests.swift */; };
		BCD467352C3D2C8700501300 /* TheQuizAppUITestsLaunchTests.swift in Sources */ = {isa = PBXBuildFile; fileRef = BCD467342C3D2C8700501300 /* TheQuizAppUITestsLaunchTests.swift */; };
		BCD4674E2C3D2CD300501300 /* RiddleData.swift in Sources */ = {isa = PBXBuildFile; fileRef = BCD467412C3D2CD300501300 /* RiddleData.swift */; };
		BCD4674F2C3D2CD300501300 /* OptionButton.swift in Sources */ = {isa = PBXBuildFile; fileRef = BCD467432C3D2CD300501300 /* OptionButton.swift */; };
		BCD467502C3D2CD300501300 /* RiddleOptionButton.swift in Sources */ = {isa = PBXBuildFile; fileRef = BCD467442C3D2CD300501300 /* RiddleOptionButton.swift */; };
		BCD467512C3D2CD300501300 /* TimerOptionButton.swift in Sources */ = {isa = PBXBuildFile; fileRef = BCD467452C3D2CD300501300 /* TimerOptionButton.swift */; };
		BCD467522C3D2CD300501300 /* TimeTracker.swift in Sources */ = {isa = PBXBuildFile; fileRef = BCD467462C3D2CD300501300 /* TimeTracker.swift */; };
		BCD467532C3D2CD300501300 /* HomeView.swift in Sources */ = {isa = PBXBuildFile; fileRef = BCD467482C3D2CD300501300 /* HomeView.swift */; };
		BCD467542C3D2CD300501300 /* RiddleOptionsView.swift in Sources */ = {isa = PBXBuildFile; fileRef = BCD467492C3D2CD300501300 /* RiddleOptionsView.swift */; };
		BCD467552C3D2CD300501300 /* RiddleScreen.swift in Sources */ = {isa = PBXBuildFile; fileRef = BCD4674A2C3D2CD300501300 /* RiddleScreen.swift */; };
		BCD467562C3D2CD300501300 /* RulesScreen.swift in Sources */ = {isa = PBXBuildFile; fileRef = BCD4674B2C3D2CD300501300 /* RulesScreen.swift */; };
		BCD467572C3D2CD300501300 /* TimerSelectionView.swift in Sources */ = {isa = PBXBuildFile; fileRef = BCD4674C2C3D2CD300501300 /* TimerSelectionView.swift */; };
		BCD4675C2C3D2D8300501300 /* FirebaseAnalyticsSwift in Frameworks */ = {isa = PBXBuildFile; productRef = BCD4675B2C3D2D8300501300 /* FirebaseAnalyticsSwift */; };
		BCD4675E2C3D2D8300501300 /* FirebaseAnalyticsWithoutAdIdSupport in Frameworks */ = {isa = PBXBuildFile; productRef = BCD4675D2C3D2D8300501300 /* FirebaseAnalyticsWithoutAdIdSupport */; };
		BCD467602C3D2D8300501300 /* FirebaseAppCheck in Frameworks */ = {isa = PBXBuildFile; productRef = BCD4675F2C3D2D8300501300 /* FirebaseAppCheck */; };
		BCD467622C3D2EC600501300 /* GoogleService-Info.plist in Resources */ = {isa = PBXBuildFile; fileRef = BCD467612C3D2EC600501300 /* GoogleService-Info.plist */; };
		BCD467662C3D344700501300 /* FirebaseCrashlytics in Frameworks */ = {isa = PBXBuildFile; productRef = BCD467652C3D344700501300 /* FirebaseCrashlytics */; };
		BCD467692C3D3FF700501300 /* Analytics.swift in Sources */ = {isa = PBXBuildFile; fileRef = BCD467682C3D3FF700501300 /* Analytics.swift */; };
/* End PBXBuildFile section */

/* Begin PBXContainerItemProxy section */
		BCD467252C3D2C8700501300 /* PBXContainerItemProxy */ = {
			isa = PBXContainerItemProxy;
			containerPortal = BCD4670A2C3D2C8600501300 /* Project object */;
			proxyType = 1;
			remoteGlobalIDString = BCD467112C3D2C8600501300;
			remoteInfo = TheQuizApp;
		};
		BCD4672F2C3D2C8700501300 /* PBXContainerItemProxy */ = {
			isa = PBXContainerItemProxy;
			containerPortal = BCD4670A2C3D2C8600501300 /* Project object */;
			proxyType = 1;
			remoteGlobalIDString = BCD467112C3D2C8600501300;
			remoteInfo = TheQuizApp;
		};
/* End PBXContainerItemProxy section */

/* Begin PBXFileReference section */
		BCD467122C3D2C8600501300 /* TheQuizApp.app */ = {isa = PBXFileReference; explicitFileType = wrapper.application; includeInIndex = 0; path = TheQuizApp.app; sourceTree = BUILT_PRODUCTS_DIR; };
		BCD467152C3D2C8600501300 /* TheQuizAppApp.swift */ = {isa = PBXFileReference; lastKnownFileType = sourcecode.swift; path = TheQuizAppApp.swift; sourceTree = "<group>"; };
		BCD467192C3D2C8600501300 /* Item.swift */ = {isa = PBXFileReference; lastKnownFileType = sourcecode.swift; path = Item.swift; sourceTree = "<group>"; };
		BCD4671B2C3D2C8700501300 /* Assets.xcassets */ = {isa = PBXFileReference; lastKnownFileType = folder.assetcatalog; path = Assets.xcassets; sourceTree = "<group>"; };
		BCD4671E2C3D2C8700501300 /* Preview Assets.xcassets */ = {isa = PBXFileReference; lastKnownFileType = folder.assetcatalog; path = "Preview Assets.xcassets"; sourceTree = "<group>"; };
		BCD467242C3D2C8700501300 /* TheQuizAppTests.xctest */ = {isa = PBXFileReference; explicitFileType = wrapper.cfbundle; includeInIndex = 0; path = TheQuizAppTests.xctest; sourceTree = BUILT_PRODUCTS_DIR; };
		BCD467282C3D2C8700501300 /* TheQuizAppTests.swift */ = {isa = PBXFileReference; lastKnownFileType = sourcecode.swift; path = TheQuizAppTests.swift; sourceTree = "<group>"; };
		BCD4672E2C3D2C8700501300 /* TheQuizAppUITests.xctest */ = {isa = PBXFileReference; explicitFileType = wrapper.cfbundle; includeInIndex = 0; path = TheQuizAppUITests.xctest; sourceTree = BUILT_PRODUCTS_DIR; };
		BCD467322C3D2C8700501300 /* TheQuizAppUITests.swift */ = {isa = PBXFileReference; lastKnownFileType = sourcecode.swift; path = TheQuizAppUITests.swift; sourceTree = "<group>"; };
		BCD467342C3D2C8700501300 /* TheQuizAppUITestsLaunchTests.swift */ = {isa = PBXFileReference; lastKnownFileType = sourcecode.swift; path = TheQuizAppUITestsLaunchTests.swift; sourceTree = "<group>"; };
		BCD467412C3D2CD300501300 /* RiddleData.swift */ = {isa = PBXFileReference; fileEncoding = 4; lastKnownFileType = sourcecode.swift; path = RiddleData.swift; sourceTree = "<group>"; };
		BCD467432C3D2CD300501300 /* OptionButton.swift */ = {isa = PBXFileReference; fileEncoding = 4; lastKnownFileType = sourcecode.swift; path = OptionButton.swift; sourceTree = "<group>"; };
		BCD467442C3D2CD300501300 /* RiddleOptionButton.swift */ = {isa = PBXFileReference; fileEncoding = 4; lastKnownFileType = sourcecode.swift; path = RiddleOptionButton.swift; sourceTree = "<group>"; };
		BCD467452C3D2CD300501300 /* TimerOptionButton.swift */ = {isa = PBXFileReference; fileEncoding = 4; lastKnownFileType = sourcecode.swift; path = TimerOptionButton.swift; sourceTree = "<group>"; };
		BCD467462C3D2CD300501300 /* TimeTracker.swift */ = {isa = PBXFileReference; fileEncoding = 4; lastKnownFileType = sourcecode.swift; path = TimeTracker.swift; sourceTree = "<group>"; };
		BCD467482C3D2CD300501300 /* HomeView.swift */ = {isa = PBXFileReference; fileEncoding = 4; lastKnownFileType = sourcecode.swift; path = HomeView.swift; sourceTree = "<group>"; };
		BCD467492C3D2CD300501300 /* RiddleOptionsView.swift */ = {isa = PBXFileReference; fileEncoding = 4; lastKnownFileType = sourcecode.swift; path = RiddleOptionsView.swift; sourceTree = "<group>"; };
		BCD4674A2C3D2CD300501300 /* RiddleScreen.swift */ = {isa = PBXFileReference; fileEncoding = 4; lastKnownFileType = sourcecode.swift; path = RiddleScreen.swift; sourceTree = "<group>"; };
		BCD4674B2C3D2CD300501300 /* RulesScreen.swift */ = {isa = PBXFileReference; fileEncoding = 4; lastKnownFileType = sourcecode.swift; path = RulesScreen.swift; sourceTree = "<group>"; };
		BCD4674C2C3D2CD300501300 /* TimerSelectionView.swift */ = {isa = PBXFileReference; fileEncoding = 4; lastKnownFileType = sourcecode.swift; path = TimerSelectionView.swift; sourceTree = "<group>"; };
		BCD467612C3D2EC600501300 /* GoogleService-Info.plist */ = {isa = PBXFileReference; fileEncoding = 4; lastKnownFileType = text.plist.xml; path = "GoogleService-Info.plist"; sourceTree = "<group>"; };
		BCD467682C3D3FF700501300 /* Analytics.swift */ = {isa = PBXFileReference; lastKnownFileType = sourcecode.swift; path = Analytics.swift; sourceTree = "<group>"; };
/* End PBXFileReference section */

/* Begin PBXFrameworksBuildPhase section */
		BCD4670F2C3D2C8600501300 /* Frameworks */ = {
			isa = PBXFrameworksBuildPhase;
			buildActionMask = 2147483647;
			files = (
				BCD4675C2C3D2D8300501300 /* FirebaseAnalyticsSwift in Frameworks */,
				BCD467662C3D344700501300 /* FirebaseCrashlytics in Frameworks */,
				BCD467602C3D2D8300501300 /* FirebaseAppCheck in Frameworks */,
				BCD4675E2C3D2D8300501300 /* FirebaseAnalyticsWithoutAdIdSupport in Frameworks */,
			);
			runOnlyForDeploymentPostprocessing = 0;
		};
		BCD467212C3D2C8700501300 /* Frameworks */ = {
			isa = PBXFrameworksBuildPhase;
			buildActionMask = 2147483647;
			files = (
			);
			runOnlyForDeploymentPostprocessing = 0;
		};
		BCD4672B2C3D2C8700501300 /* Frameworks */ = {
			isa = PBXFrameworksBuildPhase;
			buildActionMask = 2147483647;
			files = (
			);
			runOnlyForDeploymentPostprocessing = 0;
		};
/* End PBXFrameworksBuildPhase section */

/* Begin PBXGroup section */
		BCD467092C3D2C8600501300 = {
			isa = PBXGroup;
			children = (
				BCD467142C3D2C8600501300 /* TheQuizApp */,
				BCD467272C3D2C8700501300 /* TheQuizAppTests */,
				BCD467312C3D2C8700501300 /* TheQuizAppUITests */,
				BCD467132C3D2C8600501300 /* Products */,
				BCD467642C3D344700501300 /* Frameworks */,
			);
			sourceTree = "<group>";
		};
		BCD467132C3D2C8600501300 /* Products */ = {
			isa = PBXGroup;
			children = (
				BCD467122C3D2C8600501300 /* TheQuizApp.app */,
				BCD467242C3D2C8700501300 /* TheQuizAppTests.xctest */,
				BCD4672E2C3D2C8700501300 /* TheQuizAppUITests.xctest */,
			);
			name = Products;
			sourceTree = "<group>";
		};
		BCD467142C3D2C8600501300 /* TheQuizApp */ = {
			isa = PBXGroup;
			children = (
				BCD467672C3D3FEB00501300 /* Analytics */,
				BCD467472C3D2CD300501300 /* CustomUI */,
				BCD467422C3D2CD300501300 /* Data */,
				BCD4674D2C3D2CD300501300 /* Screen */,
				BCD467152C3D2C8600501300 /* TheQuizAppApp.swift */,
				BCD467192C3D2C8600501300 /* Item.swift */,
				BCD4671B2C3D2C8700501300 /* Assets.xcassets */,
				BCD467612C3D2EC600501300 /* GoogleService-Info.plist */,
				BCD4671D2C3D2C8700501300 /* Preview Content */,
			);
			path = TheQuizApp;
			sourceTree = "<group>";
		};
		BCD4671D2C3D2C8700501300 /* Preview Content */ = {
			isa = PBXGroup;
			children = (
				BCD4671E2C3D2C8700501300 /* Preview Assets.xcassets */,
			);
			path = "Preview Content";
			sourceTree = "<group>";
		};
		BCD467272C3D2C8700501300 /* TheQuizAppTests */ = {
			isa = PBXGroup;
			children = (
				BCD467282C3D2C8700501300 /* TheQuizAppTests.swift */,
			);
			path = TheQuizAppTests;
			sourceTree = "<group>";
		};
		BCD467312C3D2C8700501300 /* TheQuizAppUITests */ = {
			isa = PBXGroup;
			children = (
				BCD467322C3D2C8700501300 /* TheQuizAppUITests.swift */,
				BCD467342C3D2C8700501300 /* TheQuizAppUITestsLaunchTests.swift */,
			);
			path = TheQuizAppUITests;
			sourceTree = "<group>";
		};
		BCD467422C3D2CD300501300 /* Data */ = {
			isa = PBXGroup;
			children = (
				BCD467412C3D2CD300501300 /* RiddleData.swift */,
			);
			path = Data;
			sourceTree = "<group>";
		};
		BCD467472C3D2CD300501300 /* CustomUI */ = {
			isa = PBXGroup;
			children = (
				BCD467432C3D2CD300501300 /* OptionButton.swift */,
				BCD467442C3D2CD300501300 /* RiddleOptionButton.swift */,
				BCD467452C3D2CD300501300 /* TimerOptionButton.swift */,
				BCD467462C3D2CD300501300 /* TimeTracker.swift */,
			);
			path = CustomUI;
			sourceTree = "<group>";
		};
		BCD4674D2C3D2CD300501300 /* Screen */ = {
			isa = PBXGroup;
			children = (
				BCD467482C3D2CD300501300 /* HomeView.swift */,
				BCD467492C3D2CD300501300 /* RiddleOptionsView.swift */,
				BCD4674A2C3D2CD300501300 /* RiddleScreen.swift */,
				BCD4674B2C3D2CD300501300 /* RulesScreen.swift */,
				BCD4674C2C3D2CD300501300 /* TimerSelectionView.swift */,
			);
			path = Screen;
			sourceTree = "<group>";
		};
		BCD467642C3D344700501300 /* Frameworks */ = {
			isa = PBXGroup;
			children = (
			);
			name = Frameworks;
			sourceTree = "<group>";
		};
		BCD467672C3D3FEB00501300 /* Analytics */ = {
			isa = PBXGroup;
			children = (
				BCD467682C3D3FF700501300 /* Analytics.swift */,
			);
			path = Analytics;
			sourceTree = "<group>";
		};
/* End PBXGroup section */

/* Begin PBXNativeTarget section */
		BCD467112C3D2C8600501300 /* TheQuizApp */ = {
			isa = PBXNativeTarget;
			buildConfigurationList = BCD467382C3D2C8700501300 /* Build configuration list for PBXNativeTarget "TheQuizApp" */;
			buildPhases = (
				BCD4670E2C3D2C8600501300 /* Sources */,
				BCD4670F2C3D2C8600501300 /* Frameworks */,
				BCD467102C3D2C8600501300 /* Resources */,
				BCD467632C3D30AE00501300 /* Crashlytics */,
			);
			buildRules = (
			);
			dependencies = (
			);
			name = TheQuizApp;
			packageProductDependencies = (
				BCD4675B2C3D2D8300501300 /* FirebaseAnalyticsSwift */,
				BCD4675D2C3D2D8300501300 /* FirebaseAnalyticsWithoutAdIdSupport */,
				BCD4675F2C3D2D8300501300 /* FirebaseAppCheck */,
				BCD467652C3D344700501300 /* FirebaseCrashlytics */,
			);
			productName = TheQuizApp;
			productReference = BCD467122C3D2C8600501300 /* TheQuizApp.app */;
			productType = "com.apple.product-type.application";
		};
		BCD467232C3D2C8700501300 /* TheQuizAppTests */ = {
			isa = PBXNativeTarget;
			buildConfigurationList = BCD4673B2C3D2C8700501300 /* Build configuration list for PBXNativeTarget "TheQuizAppTests" */;
			buildPhases = (
				BCD467202C3D2C8700501300 /* Sources */,
				BCD467212C3D2C8700501300 /* Frameworks */,
				BCD467222C3D2C8700501300 /* Resources */,
			);
			buildRules = (
			);
			dependencies = (
				BCD467262C3D2C8700501300 /* PBXTargetDependency */,
			);
			name = TheQuizAppTests;
			productName = TheQuizAppTests;
			productReference = BCD467242C3D2C8700501300 /* TheQuizAppTests.xctest */;
			productType = "com.apple.product-type.bundle.unit-test";
		};
		BCD4672D2C3D2C8700501300 /* TheQuizAppUITests */ = {
			isa = PBXNativeTarget;
			buildConfigurationList = BCD4673E2C3D2C8700501300 /* Build configuration list for PBXNativeTarget "TheQuizAppUITests" */;
			buildPhases = (
				BCD4672A2C3D2C8700501300 /* Sources */,
				BCD4672B2C3D2C8700501300 /* Frameworks */,
				BCD4672C2C3D2C8700501300 /* Resources */,
			);
			buildRules = (
			);
			dependencies = (
				BCD467302C3D2C8700501300 /* PBXTargetDependency */,
			);
			name = TheQuizAppUITests;
			productName = TheQuizAppUITests;
			productReference = BCD4672E2C3D2C8700501300 /* TheQuizAppUITests.xctest */;
			productType = "com.apple.product-type.bundle.ui-testing";
		};
/* End PBXNativeTarget section */

/* Begin PBXProject section */
		BCD4670A2C3D2C8600501300 /* Project object */ = {
			isa = PBXProject;
			attributes = {
				BuildIndependentTargetsInParallel = 1;
				LastSwiftUpdateCheck = 1530;
				LastUpgradeCheck = 1530;
				TargetAttributes = {
					BCD467112C3D2C8600501300 = {
						CreatedOnToolsVersion = 15.3;
					};
					BCD467232C3D2C8700501300 = {
						CreatedOnToolsVersion = 15.3;
						TestTargetID = BCD467112C3D2C8600501300;
					};
					BCD4672D2C3D2C8700501300 = {
						CreatedOnToolsVersion = 15.3;
						TestTargetID = BCD467112C3D2C8600501300;
					};
				};
			};
			buildConfigurationList = BCD4670D2C3D2C8600501300 /* Build configuration list for PBXProject "TheQuizApp" */;
			compatibilityVersion = "Xcode 14.0";
			developmentRegion = en;
			hasScannedForEncodings = 0;
			knownRegions = (
				en,
				Base,
			);
			mainGroup = BCD467092C3D2C8600501300;
			packageReferences = (
				BCD4675A2C3D2D8300501300 /* XCRemoteSwiftPackageReference "firebase-ios-sdk" */,
			);
			productRefGroup = BCD467132C3D2C8600501300 /* Products */;
			projectDirPath = "";
			projectRoot = "";
			targets = (
				BCD467112C3D2C8600501300 /* TheQuizApp */,
				BCD467232C3D2C8700501300 /* TheQuizAppTests */,
				BCD4672D2C3D2C8700501300 /* TheQuizAppUITests */,
			);
		};
/* End PBXProject section */

/* Begin PBXResourcesBuildPhase section */
		BCD467102C3D2C8600501300 /* Resources */ = {
			isa = PBXResourcesBuildPhase;
			buildActionMask = 2147483647;
			files = (
				BCD4671F2C3D2C8700501300 /* Preview Assets.xcassets in Resources */,
				BCD4671C2C3D2C8700501300 /* Assets.xcassets in Resources */,
				BCD467622C3D2EC600501300 /* GoogleService-Info.plist in Resources */,
			);
			runOnlyForDeploymentPostprocessing = 0;
		};
		BCD467222C3D2C8700501300 /* Resources */ = {
			isa = PBXResourcesBuildPhase;
			buildActionMask = 2147483647;
			files = (
			);
			runOnlyForDeploymentPostprocessing = 0;
		};
		BCD4672C2C3D2C8700501300 /* Resources */ = {
			isa = PBXResourcesBuildPhase;
			buildActionMask = 2147483647;
			files = (
			);
			runOnlyForDeploymentPostprocessing = 0;
		};
/* End PBXResourcesBuildPhase section */

/* Begin PBXShellScriptBuildPhase section */
		BCD467632C3D30AE00501300 /* Crashlytics */ = {
			isa = PBXShellScriptBuildPhase;
			buildActionMask = 2147483647;
			files = (
			);
			inputFileListPaths = (
			);
			inputPaths = (
				"${DWARF_DSYM_FOLDER_PATH}/${DWARF_DSYM_FILE_NAME}",
				"${DWARF_DSYM_FOLDER_PATH}/${DWARF_DSYM_FILE_NAME}/Contents/Resources/DWARF/${PRODUCT_NAME}",
				"${DWARF_DSYM_FOLDER_PATH}/${DWARF_DSYM_FILE_NAME}/Contents/Info.plist",
				"$(TARGET_BUILD_DIR)/$(UNLOCALIZED_RESOURCES_FOLDER_PATH)/GoogleService-Info.plist",
				"$(TARGET_BUILD_DIR)/$(EXECUTABLE_PATH)",
			);
			name = Crashlytics;
			outputFileListPaths = (
			);
			outputPaths = (
			);
			runOnlyForDeploymentPostprocessing = 0;
			shellPath = /bin/sh;
			shellScript = "\"${BUILD_DIR%/Build/*}/SourcePackages/checkouts/firebase-ios-sdk/Crashlytics/run\"\n";
		};
/* End PBXShellScriptBuildPhase section */

/* Begin PBXSourcesBuildPhase section */
		BCD4670E2C3D2C8600501300 /* Sources */ = {
			isa = PBXSourcesBuildPhase;
			buildActionMask = 2147483647;
			files = (
				BCD467532C3D2CD300501300 /* HomeView.swift in Sources */,
				BCD467692C3D3FF700501300 /* Analytics.swift in Sources */,
				BCD4674F2C3D2CD300501300 /* OptionButton.swift in Sources */,
				BCD467552C3D2CD300501300 /* RiddleScreen.swift in Sources */,
				BCD467562C3D2CD300501300 /* RulesScreen.swift in Sources */,
				BCD4674E2C3D2CD300501300 /* RiddleData.swift in Sources */,
				BCD467572C3D2CD300501300 /* TimerSelectionView.swift in Sources */,
				BCD4671A2C3D2C8600501300 /* Item.swift in Sources */,
				BCD467542C3D2CD300501300 /* RiddleOptionsView.swift in Sources */,
				BCD467502C3D2CD300501300 /* RiddleOptionButton.swift in Sources */,
				BCD467162C3D2C8600501300 /* TheQuizAppApp.swift in Sources */,
				BCD467512C3D2CD300501300 /* TimerOptionButton.swift in Sources */,
				BCD467522C3D2CD300501300 /* TimeTracker.swift in Sources */,
			);
			runOnlyForDeploymentPostprocessing = 0;
		};
		BCD467202C3D2C8700501300 /* Sources */ = {
			isa = PBXSourcesBuildPhase;
			buildActionMask = 2147483647;
			files = (
				BCD467292C3D2C8700501300 /* TheQuizAppTests.swift in Sources */,
			);
			runOnlyForDeploymentPostprocessing = 0;
		};
		BCD4672A2C3D2C8700501300 /* Sources */ = {
			isa = PBXSourcesBuildPhase;
			buildActionMask = 2147483647;
			files = (
				BCD467332C3D2C8700501300 /* TheQuizAppUITests.swift in Sources */,
				BCD467352C3D2C8700501300 /* TheQuizAppUITestsLaunchTests.swift in Sources */,
			);
			runOnlyForDeploymentPostprocessing = 0;
		};
/* End PBXSourcesBuildPhase section */

/* Begin PBXTargetDependency section */
		BCD467262C3D2C8700501300 /* PBXTargetDependency */ = {
			isa = PBXTargetDependency;
			target = BCD467112C3D2C8600501300 /* TheQuizApp */;
			targetProxy = BCD467252C3D2C8700501300 /* PBXContainerItemProxy */;
		};
		BCD467302C3D2C8700501300 /* PBXTargetDependency */ = {
			isa = PBXTargetDependency;
			target = BCD467112C3D2C8600501300 /* TheQuizApp */;
			targetProxy = BCD4672F2C3D2C8700501300 /* PBXContainerItemProxy */;
		};
/* End PBXTargetDependency section */

/* Begin XCBuildConfiguration section */
		BCD467362C3D2C8700501300 /* Debug */ = {
			isa = XCBuildConfiguration;
			buildSettings = {
				ALWAYS_SEARCH_USER_PATHS = NO;
				ASSETCATALOG_COMPILER_GENERATE_SWIFT_ASSET_SYMBOL_EXTENSIONS = YES;
				CLANG_ANALYZER_NONNULL = YES;
				CLANG_ANALYZER_NUMBER_OBJECT_CONVERSION = YES_AGGRESSIVE;
				CLANG_CXX_LANGUAGE_STANDARD = "gnu++20";
				CLANG_ENABLE_MODULES = YES;
				CLANG_ENABLE_OBJC_ARC = YES;
				CLANG_ENABLE_OBJC_WEAK = YES;
				CLANG_WARN_BLOCK_CAPTURE_AUTORELEASING = YES;
				CLANG_WARN_BOOL_CONVERSION = YES;
				CLANG_WARN_COMMA = YES;
				CLANG_WARN_CONSTANT_CONVERSION = YES;
				CLANG_WARN_DEPRECATED_OBJC_IMPLEMENTATIONS = YES;
				CLANG_WARN_DIRECT_OBJC_ISA_USAGE = YES_ERROR;
				CLANG_WARN_DOCUMENTATION_COMMENTS = YES;
				CLANG_WARN_EMPTY_BODY = YES;
				CLANG_WARN_ENUM_CONVERSION = YES;
				CLANG_WARN_INFINITE_RECURSION = YES;
				CLANG_WARN_INT_CONVERSION = YES;
				CLANG_WARN_NON_LITERAL_NULL_CONVERSION = YES;
				CLANG_WARN_OBJC_IMPLICIT_RETAIN_SELF = YES;
				CLANG_WARN_OBJC_LITERAL_CONVERSION = YES;
				CLANG_WARN_OBJC_ROOT_CLASS = YES_ERROR;
				CLANG_WARN_QUOTED_INCLUDE_IN_FRAMEWORK_HEADER = YES;
				CLANG_WARN_RANGE_LOOP_ANALYSIS = YES;
				CLANG_WARN_STRICT_PROTOTYPES = YES;
				CLANG_WARN_SUSPICIOUS_MOVE = YES;
				CLANG_WARN_UNGUARDED_AVAILABILITY = YES_AGGRESSIVE;
				CLANG_WARN_UNREACHABLE_CODE = YES;
				CLANG_WARN__DUPLICATE_METHOD_MATCH = YES;
				COPY_PHASE_STRIP = NO;
				DEBUG_INFORMATION_FORMAT = dwarf;
				ENABLE_STRICT_OBJC_MSGSEND = YES;
				ENABLE_TESTABILITY = YES;
				ENABLE_USER_SCRIPT_SANDBOXING = YES;
				GCC_C_LANGUAGE_STANDARD = gnu17;
				GCC_DYNAMIC_NO_PIC = NO;
				GCC_NO_COMMON_BLOCKS = YES;
				GCC_OPTIMIZATION_LEVEL = 0;
				GCC_PREPROCESSOR_DEFINITIONS = (
					"DEBUG=1",
					"$(inherited)",
				);
				GCC_WARN_64_TO_32_BIT_CONVERSION = YES;
				GCC_WARN_ABOUT_RETURN_TYPE = YES_ERROR;
				GCC_WARN_UNDECLARED_SELECTOR = YES;
				GCC_WARN_UNINITIALIZED_AUTOS = YES_AGGRESSIVE;
				GCC_WARN_UNUSED_FUNCTION = YES;
				GCC_WARN_UNUSED_VARIABLE = YES;
				IPHONEOS_DEPLOYMENT_TARGET = 17.4;
				LOCALIZATION_PREFERS_STRING_CATALOGS = YES;
				MTL_ENABLE_DEBUG_INFO = INCLUDE_SOURCE;
				MTL_FAST_MATH = YES;
				ONLY_ACTIVE_ARCH = YES;
				SDKROOT = iphoneos;
				SWIFT_ACTIVE_COMPILATION_CONDITIONS = "DEBUG $(inherited)";
				SWIFT_OPTIMIZATION_LEVEL = "-Onone";
			};
			name = Debug;
		};
		BCD467372C3D2C8700501300 /* Release */ = {
			isa = XCBuildConfiguration;
			buildSettings = {
				ALWAYS_SEARCH_USER_PATHS = NO;
				ASSETCATALOG_COMPILER_GENERATE_SWIFT_ASSET_SYMBOL_EXTENSIONS = YES;
				CLANG_ANALYZER_NONNULL = YES;
				CLANG_ANALYZER_NUMBER_OBJECT_CONVERSION = YES_AGGRESSIVE;
				CLANG_CXX_LANGUAGE_STANDARD = "gnu++20";
				CLANG_ENABLE_MODULES = YES;
				CLANG_ENABLE_OBJC_ARC = YES;
				CLANG_ENABLE_OBJC_WEAK = YES;
				CLANG_WARN_BLOCK_CAPTURE_AUTORELEASING = YES;
				CLANG_WARN_BOOL_CONVERSION = YES;
				CLANG_WARN_COMMA = YES;
				CLANG_WARN_CONSTANT_CONVERSION = YES;
				CLANG_WARN_DEPRECATED_OBJC_IMPLEMENTATIONS = YES;
				CLANG_WARN_DIRECT_OBJC_ISA_USAGE = YES_ERROR;
				CLANG_WARN_DOCUMENTATION_COMMENTS = YES;
				CLANG_WARN_EMPTY_BODY = YES;
				CLANG_WARN_ENUM_CONVERSION = YES;
				CLANG_WARN_INFINITE_RECURSION = YES;
				CLANG_WARN_INT_CONVERSION = YES;
				CLANG_WARN_NON_LITERAL_NULL_CONVERSION = YES;
				CLANG_WARN_OBJC_IMPLICIT_RETAIN_SELF = YES;
				CLANG_WARN_OBJC_LITERAL_CONVERSION = YES;
				CLANG_WARN_OBJC_ROOT_CLASS = YES_ERROR;
				CLANG_WARN_QUOTED_INCLUDE_IN_FRAMEWORK_HEADER = YES;
				CLANG_WARN_RANGE_LOOP_ANALYSIS = YES;
				CLANG_WARN_STRICT_PROTOTYPES = YES;
				CLANG_WARN_SUSPICIOUS_MOVE = YES;
				CLANG_WARN_UNGUARDED_AVAILABILITY = YES_AGGRESSIVE;
				CLANG_WARN_UNREACHABLE_CODE = YES;
				CLANG_WARN__DUPLICATE_METHOD_MATCH = YES;
				COPY_PHASE_STRIP = NO;
				DEBUG_INFORMATION_FORMAT = "dwarf-with-dsym";
				ENABLE_NS_ASSERTIONS = NO;
				ENABLE_STRICT_OBJC_MSGSEND = YES;
				ENABLE_USER_SCRIPT_SANDBOXING = YES;
				GCC_C_LANGUAGE_STANDARD = gnu17;
				GCC_NO_COMMON_BLOCKS = YES;
				GCC_WARN_64_TO_32_BIT_CONVERSION = YES;
				GCC_WARN_ABOUT_RETURN_TYPE = YES_ERROR;
				GCC_WARN_UNDECLARED_SELECTOR = YES;
				GCC_WARN_UNINITIALIZED_AUTOS = YES_AGGRESSIVE;
				GCC_WARN_UNUSED_FUNCTION = YES;
				GCC_WARN_UNUSED_VARIABLE = YES;
				IPHONEOS_DEPLOYMENT_TARGET = 17.4;
				LOCALIZATION_PREFERS_STRING_CATALOGS = YES;
				MTL_ENABLE_DEBUG_INFO = NO;
				MTL_FAST_MATH = YES;
				SDKROOT = iphoneos;
				SWIFT_COMPILATION_MODE = wholemodule;
				VALIDATE_PRODUCT = YES;
			};
			name = Release;
		};
		BCD467392C3D2C8700501300 /* Debug */ = {
			isa = XCBuildConfiguration;
			buildSettings = {
				ASSETCATALOG_COMPILER_APPICON_NAME = AppIcon;
				ASSETCATALOG_COMPILER_GLOBAL_ACCENT_COLOR_NAME = AccentColor;
				CODE_SIGN_STYLE = Automatic;
				CURRENT_PROJECT_VERSION = 1;
				DEBUG_INFORMATION_FORMAT = "dwarf-with-dsym";
				DEVELOPMENT_ASSET_PATHS = "\"TheQuizApp/Preview Content\"";
				ENABLE_PREVIEWS = YES;
				GENERATE_INFOPLIST_FILE = YES;
				INFOPLIST_KEY_CFBundleDisplayName = TheQuizApp;
				INFOPLIST_KEY_LSApplicationCategoryType = "public.app-category.trivia-games";
				INFOPLIST_KEY_UIApplicationSceneManifest_Generation = YES;
				INFOPLIST_KEY_UIApplicationSupportsIndirectInputEvents = YES;
				INFOPLIST_KEY_UILaunchScreen_Generation = YES;
				INFOPLIST_KEY_UISupportedInterfaceOrientations_iPad = "UIInterfaceOrientationPortrait UIInterfaceOrientationPortraitUpsideDown UIInterfaceOrientationLandscapeLeft UIInterfaceOrientationLandscapeRight";
				INFOPLIST_KEY_UISupportedInterfaceOrientations_iPhone = "UIInterfaceOrientationPortrait UIInterfaceOrientationLandscapeLeft UIInterfaceOrientationLandscapeRight";
				IPHONEOS_DEPLOYMENT_TARGET = 17.0;
				LD_RUNPATH_SEARCH_PATHS = (
					"$(inherited)",
					"@executable_path/Frameworks",
				);
				MARKETING_VERSION = 1.0;
				PRODUCT_BUNDLE_IDENTIFIER = com.Appverse.TheQuizApp;
				PRODUCT_NAME = "$(TARGET_NAME)";
				SWIFT_EMIT_LOC_STRINGS = YES;
				SWIFT_VERSION = 5.0;
				TARGETED_DEVICE_FAMILY = "1,2";
			};
			name = Debug;
		};
		BCD4673A2C3D2C8700501300 /* Release */ = {
			isa = XCBuildConfiguration;
			buildSettings = {
				ASSETCATALOG_COMPILER_APPICON_NAME = AppIcon;
				ASSETCATALOG_COMPILER_GLOBAL_ACCENT_COLOR_NAME = AccentColor;
				CODE_SIGN_STYLE = Automatic;
				CURRENT_PROJECT_VERSION = 1;
				DEVELOPMENT_ASSET_PATHS = "\"TheQuizApp/Preview Content\"";
				ENABLE_PREVIEWS = YES;
				GENERATE_INFOPLIST_FILE = YES;
				INFOPLIST_KEY_CFBundleDisplayName = TheQuizApp;
				INFOPLIST_KEY_LSApplicationCategoryType = "public.app-category.trivia-games";
				INFOPLIST_KEY_UIApplicationSceneManifest_Generation = YES;
				INFOPLIST_KEY_UIApplicationSupportsIndirectInputEvents = YES;
				INFOPLIST_KEY_UILaunchScreen_Generation = YES;
				INFOPLIST_KEY_UISupportedInterfaceOrientations_iPad = "UIInterfaceOrientationPortrait UIInterfaceOrientationPortraitUpsideDown UIInterfaceOrientationLandscapeLeft UIInterfaceOrientationLandscapeRight";
				INFOPLIST_KEY_UISupportedInterfaceOrientations_iPhone = "UIInterfaceOrientationPortrait UIInterfaceOrientationLandscapeLeft UIInterfaceOrientationLandscapeRight";
				IPHONEOS_DEPLOYMENT_TARGET = 17.0;
				LD_RUNPATH_SEARCH_PATHS = (
					"$(inherited)",
					"@executable_path/Frameworks",
				);
				MARKETING_VERSION = 1.0;
				PRODUCT_BUNDLE_IDENTIFIER = com.Appverse.TheQuizApp;
				PRODUCT_NAME = "$(TARGET_NAME)";
				SWIFT_EMIT_LOC_STRINGS = YES;
				SWIFT_VERSION = 5.0;
				TARGETED_DEVICE_FAMILY = "1,2";
			};
			name = Release;
		};
		BCD4673C2C3D2C8700501300 /* Debug */ = {
			isa = XCBuildConfiguration;
			buildSettings = {
				ALWAYS_EMBED_SWIFT_STANDARD_LIBRARIES = YES;
				BUNDLE_LOADER = "$(TEST_HOST)";
				CODE_SIGN_STYLE = Automatic;
				CURRENT_PROJECT_VERSION = 1;
				GENERATE_INFOPLIST_FILE = YES;
				IPHONEOS_DEPLOYMENT_TARGET = 17.4;
				MARKETING_VERSION = 1.0;
				PRODUCT_BUNDLE_IDENTIFIER = com.Appverse.TheQuizApp.TheQuizAppTests;
				PRODUCT_NAME = "$(TARGET_NAME)";
				SWIFT_EMIT_LOC_STRINGS = NO;
				SWIFT_VERSION = 5.0;
				TARGETED_DEVICE_FAMILY = "1,2";
				TEST_HOST = "$(BUILT_PRODUCTS_DIR)/TheQuizApp.app/$(BUNDLE_EXECUTABLE_FOLDER_PATH)/TheQuizApp";
			};
			name = Debug;
		};
		BCD4673D2C3D2C8700501300 /* Release */ = {
			isa = XCBuildConfiguration;
			buildSettings = {
				ALWAYS_EMBED_SWIFT_STANDARD_LIBRARIES = YES;
				BUNDLE_LOADER = "$(TEST_HOST)";
				CODE_SIGN_STYLE = Automatic;
				CURRENT_PROJECT_VERSION = 1;
				GENERATE_INFOPLIST_FILE = YES;
				IPHONEOS_DEPLOYMENT_TARGET = 17.4;
				MARKETING_VERSION = 1.0;
				PRODUCT_BUNDLE_IDENTIFIER = com.Appverse.TheQuizApp.TheQuizAppTests;
				PRODUCT_NAME = "$(TARGET_NAME)";
				SWIFT_EMIT_LOC_STRINGS = NO;
				SWIFT_VERSION = 5.0;
				TARGETED_DEVICE_FAMILY = "1,2";
				TEST_HOST = "$(BUILT_PRODUCTS_DIR)/TheQuizApp.app/$(BUNDLE_EXECUTABLE_FOLDER_PATH)/TheQuizApp";
			};
			name = Release;
		};
		BCD4673F2C3D2C8700501300 /* Debug */ = {
			isa = XCBuildConfiguration;
			buildSettings = {
				ALWAYS_EMBED_SWIFT_STANDARD_LIBRARIES = YES;
				CODE_SIGN_STYLE = Automatic;
				CURRENT_PROJECT_VERSION = 1;
				GENERATE_INFOPLIST_FILE = YES;
				MARKETING_VERSION = 1.0;
				PRODUCT_BUNDLE_IDENTIFIER = com.Appverse.TheQuizApp.TheQuizAppUITests;
				PRODUCT_NAME = "$(TARGET_NAME)";
				SWIFT_EMIT_LOC_STRINGS = NO;
				SWIFT_VERSION = 5.0;
				TARGETED_DEVICE_FAMILY = "1,2";
				TEST_TARGET_NAME = TheQuizApp;
			};
			name = Debug;
		};
		BCD467402C3D2C8700501300 /* Release */ = {
			isa = XCBuildConfiguration;
			buildSettings = {
				ALWAYS_EMBED_SWIFT_STANDARD_LIBRARIES = YES;
				CODE_SIGN_STYLE = Automatic;
				CURRENT_PROJECT_VERSION = 1;
				GENERATE_INFOPLIST_FILE = YES;
				MARKETING_VERSION = 1.0;
				PRODUCT_BUNDLE_IDENTIFIER = com.Appverse.TheQuizApp.TheQuizAppUITests;
				PRODUCT_NAME = "$(TARGET_NAME)";
				SWIFT_EMIT_LOC_STRINGS = NO;
				SWIFT_VERSION = 5.0;
				TARGETED_DEVICE_FAMILY = "1,2";
				TEST_TARGET_NAME = TheQuizApp;
			};
			name = Release;
		};
/* End XCBuildConfiguration section */

/* Begin XCConfigurationList section */
		BCD4670D2C3D2C8600501300 /* Build configuration list for PBXProject "TheQuizApp" */ = {
			isa = XCConfigurationList;
			buildConfigurations = (
				BCD467362C3D2C8700501300 /* Debug */,
				BCD467372C3D2C8700501300 /* Release */,
			);
			defaultConfigurationIsVisible = 0;
			defaultConfigurationName = Release;
		};
		BCD467382C3D2C8700501300 /* Build configuration list for PBXNativeTarget "TheQuizApp" */ = {
			isa = XCConfigurationList;
			buildConfigurations = (
				BCD467392C3D2C8700501300 /* Debug */,
				BCD4673A2C3D2C8700501300 /* Release */,
			);
			defaultConfigurationIsVisible = 0;
			defaultConfigurationName = Release;
		};
		BCD4673B2C3D2C8700501300 /* Build configuration list for PBXNativeTarget "TheQuizAppTests" */ = {
			isa = XCConfigurationList;
			buildConfigurations = (
				BCD4673C2C3D2C8700501300 /* Debug */,
				BCD4673D2C3D2C8700501300 /* Release */,
			);
			defaultConfigurationIsVisible = 0;
			defaultConfigurationName = Release;
		};
		BCD4673E2C3D2C8700501300 /* Build configuration list for PBXNativeTarget "TheQuizAppUITests" */ = {
			isa = XCConfigurationList;
			buildConfigurations = (
				BCD4673F2C3D2C8700501300 /* Debug */,
				BCD467402C3D2C8700501300 /* Release */,
			);
			defaultConfigurationIsVisible = 0;
			defaultConfigurationName = Release;
		};
/* End XCConfigurationList section */

/* Begin XCRemoteSwiftPackageReference section */
		BCD4675A2C3D2D8300501300 /* XCRemoteSwiftPackageReference "firebase-ios-sdk" */ = {
			isa = XCRemoteSwiftPackageReference;
			repositoryURL = "https://github.com/firebase/firebase-ios-sdk";
			requirement = {
				kind = upToNextMajorVersion;
				minimumVersion = 10.29.0;
			};
		};
/* End XCRemoteSwiftPackageReference section */

/* Begin XCSwiftPackageProductDependency section */
		BCD4675B2C3D2D8300501300 /* FirebaseAnalyticsSwift */ = {
			isa = XCSwiftPackageProductDependency;
			package = BCD4675A2C3D2D8300501300 /* XCRemoteSwiftPackageReference "firebase-ios-sdk" */;
			productName = FirebaseAnalyticsSwift;
		};
		BCD4675D2C3D2D8300501300 /* FirebaseAnalyticsWithoutAdIdSupport */ = {
			isa = XCSwiftPackageProductDependency;
			package = BCD4675A2C3D2D8300501300 /* XCRemoteSwiftPackageReference "firebase-ios-sdk" */;
			productName = FirebaseAnalyticsWithoutAdIdSupport;
		};
		BCD4675F2C3D2D8300501300 /* FirebaseAppCheck */ = {
			isa = XCSwiftPackageProductDependency;
			package = BCD4675A2C3D2D8300501300 /* XCRemoteSwiftPackageReference "firebase-ios-sdk" */;
			productName = FirebaseAppCheck;
		};
		BCD467652C3D344700501300 /* FirebaseCrashlytics */ = {
			isa = XCSwiftPackageProductDependency;
			package = BCD4675A2C3D2D8300501300 /* XCRemoteSwiftPackageReference "firebase-ios-sdk" */;
			productName = FirebaseCrashlytics;
		};
/* End XCSwiftPackageProductDependency section */
	};
	rootObject = BCD4670A2C3D2C8600501300 /* Project object */;
}
